{
  "name": "AirGap",
  "lockfileVersion": 3,
  "requires": true,
  "packages": {
    "": {
      "dependencies": {
        "@mediapipe/tasks-genai": "^0.10.29",
        "@mediapipe/tasks-vision": "^1.0.1"
      }
    },
    "node_modules/@mediapipe/tasks-genai": {
      "version": "0.10.29",
      "resolved": "https://registry.npmjs.org/@mediapipe/tasks-genai/-/tasks-genai-0.10.29.tgz",
      "integrity": "sha512-PRznwHOprGNoSbTbtAyHkMD1rslPLEBSidvz/Ga7qWVr86CXmPEcQpFCidLciBpWNKF8VhQMU2YA51YyBCbPKg==",
      "license": "Apache-2.0"
    },
    "node_modules/@mediapipe/tasks-vision": {
      "version": "1.0.1",
      "resolved": "https://registry.npmjs.org/@mediapipe/tasks-vision/-/tasks-vision-1.0.1.tgz",
      "integrity": "sha512-rvRE2FmAZ6ZxKSw7wq+e+jQDpN3t1B/tD2mJz9SmAzb1msoDkd4dMoE4wAh8Z30Um0PQwLiHr9QtomhmXk3aUQ==",
      "license": "Apache-2.0"
    }
  }
}
